
Microsoft Visual Studio Solution File, Format Version 12.00
# Visual Studio Version 17
VisualStudioVersion = 17.13.35931.197 d17.13
MinimumVisualStudioVersion = 10.0.40219.1
Project("{8BC9CEB8-8B4A-11D0-8D11-00A0C91BC942}") = "T1", "T1.vcxproj", "{C5E9D7D3-304F-4514-A27A-9400A1EB8DA7}"
EndProject
Global
	GlobalSection(SolutionConfigurationPlatforms) = preSolution
		Debug|x64 = Debug|x64
		Debug|x86 = Debug|x86
		Release|x64 = Release|x64
		Release|x86 = Release|x86
	EndGlobalSection
	GlobalSection(ProjectConfigurationPlatforms) = postSolution
		{C5E9D7D3-304F-4514-A27A-9400A1EB8DA7}.Debug|x64.ActiveCfg = Debug|x64
		{C5E9D7D3-304F-4514-A27A-9400A1EB8DA7}.Debug|x64.Build.0 = Debug|x64
		{C5E9D7D3-304F-4514-A27A-9400A1EB8DA7}.Debug|x86.ActiveCfg = Debug|Win32
		{C5E9D7D3-304F-4514-A27A-9400A1EB8DA7}.Debug|x86.Build.0 = Debug|Win32
		{C5E9D7D3-304F-4514-A27A-9400A1EB8DA7}.Release|x64.ActiveCfg = Release|x64
		{C5E9D7D3-304F-4514-A27A-9400A1EB8DA7}.Release|x64.Build.0 = Release|x64
		{C5E9D7D3-304F-4514-A27A-9400A1EB8DA7}.Release|x86.ActiveCfg = Release|Win32
		{C5E9D7D3-304F-4514-A27A-9400A1EB8DA7}.Release|x86.Build.0 = Release|Win32
	EndGlobalSection
	GlobalSection(SolutionProperties) = preSolution
		HideSolutionNode = FALSE
	EndGlobalSection
	GlobalSection(ExtensibilityGlobals) = postSolution
		SolutionGuid = {1C6A33F7-DE30-4D99-B644-2D8749515ADD}
	EndGlobalSection
EndGlobal
